<?xml version="1.0" encoding="utf-8"?>
<Project ToolsVersion="4.0" xmlns="http://schemas.microsoft.com/developer/msbuild/2003">
  <ItemGroup>
    <Filter Include="소스 파일">
      <UniqueIdentifier>{4FC737F1-C7A5-4376-A066-2A32D752A2FF}</UniqueIdentifier>
      <Extensions>cpp;c;cc;cxx;def;odl;idl;hpj;bat;asm;asmx</Extensions>
    </Filter>
    <Filter Include="헤더 파일">
      <UniqueIdentifier>{93995380-89BD-4b04-88EB-625FBE52EBFB}</UniqueIdentifier>
      <Extensions>h;hpp;hxx;hm;inl;inc;xsd</Extensions>
    </Filter>
    <Filter Include="리소스 파일">
      <UniqueIdentifier>{67DA6AB6-F800-4c08-8B7A-83BB121AAD01}</UniqueIdentifier>
      <Extensions>rc;ico;cur;bmp;dlg;rc2;rct;bin;rgs;gif;jpg;jpeg;jpe;resx;tiff;tif;png;wav;mfcribbon-ms</Extensions>
    </Filter>
  </ItemGroup>
  <ItemGroup>
    <ClCompile Include="..\talk\examples\chat\chat_main.cc">
      <Filter>소스 파일</Filter>
    </ClCompile>
    <ClCompile Include="..\talk\examples\chat\chatapp.cc">
      <Filter>소스 파일</Filter>
    </ClCompile>
    <ClCompile Include="..\talk\examples\chat\consoletask.cc">
      <Filter>소스 파일</Filter>
    </ClCompile>
    <ClCompile Include="..\talk\examples\chat\textchatreceivetask.cc">
      <Filter>소스 파일</Filter>
    </ClCompile>
    <ClCompile Include="..\talk\examples\chat\textchatsendtask.cc">
      <Filter>소스 파일</Filter>
    </ClCompile>
    <ClCompile Include="..\talk\xmpp\presenceouttask.cc">
      <Filter>소스 파일</Filter>
    </ClCompile>
    <ClCompile Include="..\talk\xmpp\presencereceivetask.cc">
      <Filter>소스 파일</Filter>
    </ClCompile>
    <ClCompile Include="..\talk\xmpp\presencestatus.cc">
      <Filter>소스 파일</Filter>
    </ClCompile>
  </ItemGroup>
  <ItemGroup>
    <ClInclude Include="..\talk\examples\chat\chatapp.h">
      <Filter>헤더 파일</Filter>
    </ClInclude>
    <ClInclude Include="..\talk\examples\chat\consoletask.h">
      <Filter>헤더 파일</Filter>
    </ClInclude>
    <ClInclude Include="..\talk\examples\chat\textchatreceivetask.h">
      <Filter>헤더 파일</Filter>
    </ClInclude>
    <ClInclude Include="..\talk\examples\chat\textchatsendtask.h">
      <Filter>헤더 파일</Filter>
    </ClInclude>
    <ClInclude Include="..\talk\xmpp\presenceouttask.h">
      <Filter>헤더 파일</Filter>
    </ClInclude>
    <ClInclude Include="..\talk\xmpp\presencereceivetask.h">
      <Filter>헤더 파일</Filter>
    </ClInclude>
    <ClInclude Include="..\talk\xmpp\presencestatus.h">
      <Filter>헤더 파일</Filter>
    </ClInclude>
  </ItemGroup>
</Project>