
Microsoft Visual Studio Solution File, Format Version 11.00
# Visual Studio 2010
Project("{8BC9CEB8-8B4A-11D0-8D11-00A0C91BC942}") = "libjingle", "libjingle.vcxproj", "{2FCC9B2C-1645-47A5-A024-DE75EAEBB1EB}"
EndProject
Project("{8BC9CEB8-8B4A-11D0-8D11-00A0C91BC942}") = "call", "call.vcxproj", "{11E1FA7B-DC18-44D0-B78C-AC4D402FDE9E}"
	ProjectSection(ProjectDependencies) = postProject
		{2FCC9B2C-1645-47A5-A024-DE75EAEBB1EB} = {2FCC9B2C-1645-47A5-A024-DE75EAEBB1EB}
	EndProjectSection
EndProject
Project("{8BC9CEB8-8B4A-11D0-8D11-00A0C91BC942}") = "RelayServer", "RelayServer.vcxproj", "{96349231-DE71-400A-B121-53A156B6248C}"
	ProjectSection(ProjectDependencies) = postProject
		{2FCC9B2C-1645-47A5-A024-DE75EAEBB1EB} = {2FCC9B2C-1645-47A5-A024-DE75EAEBB1EB}
	EndProjectSection
EndProject
Project("{8BC9CEB8-8B4A-11D0-8D11-00A0C91BC942}") = "login", "login.vcxproj", "{68D0AA8D-353C-4093-95C6-602594D868DF}"
	ProjectSection(ProjectDependencies) = postProject
		{2FCC9B2C-1645-47A5-A024-DE75EAEBB1EB} = {2FCC9B2C-1645-47A5-A024-DE75EAEBB1EB}
	EndProjectSection
EndProject
Project("{8BC9CEB8-8B4A-11D0-8D11-00A0C91BC942}") = "chat", "chat.vcxproj", "{D4AD5999-75B2-4D3A-AD11-33F3EAFED8BA}"
	ProjectSection(ProjectDependencies) = postProject
		{2FCC9B2C-1645-47A5-A024-DE75EAEBB1EB} = {2FCC9B2C-1645-47A5-A024-DE75EAEBB1EB}
	EndProjectSection
EndProject
Project("{8BC9CEB8-8B4A-11D0-8D11-00A0C91BC942}") = "pcp", "pcp.vcxproj", "{43C7608C-8AE9-47C1-B9AF-EC9343013F60}"
	ProjectSection(ProjectDependencies) = postProject
		{2FCC9B2C-1645-47A5-A024-DE75EAEBB1EB} = {2FCC9B2C-1645-47A5-A024-DE75EAEBB1EB}
	EndProjectSection
EndProject
Global
	GlobalSection(SolutionConfigurationPlatforms) = preSolution
		Debug|Win32 = Debug|Win32
		Release|Win32 = Release|Win32
	EndGlobalSection
	GlobalSection(ProjectConfigurationPlatforms) = postSolution
		{2FCC9B2C-1645-47A5-A024-DE75EAEBB1EB}.Debug|Win32.ActiveCfg = Debug|Win32
		{2FCC9B2C-1645-47A5-A024-DE75EAEBB1EB}.Debug|Win32.Build.0 = Debug|Win32
		{2FCC9B2C-1645-47A5-A024-DE75EAEBB1EB}.Release|Win32.ActiveCfg = Release|Win32
		{2FCC9B2C-1645-47A5-A024-DE75EAEBB1EB}.Release|Win32.Build.0 = Release|Win32
		{11E1FA7B-DC18-44D0-B78C-AC4D402FDE9E}.Debug|Win32.ActiveCfg = Debug|Win32
		{11E1FA7B-DC18-44D0-B78C-AC4D402FDE9E}.Debug|Win32.Build.0 = Debug|Win32
		{11E1FA7B-DC18-44D0-B78C-AC4D402FDE9E}.Release|Win32.ActiveCfg = Release|Win32
		{11E1FA7B-DC18-44D0-B78C-AC4D402FDE9E}.Release|Win32.Build.0 = Release|Win32
		{96349231-DE71-400A-B121-53A156B6248C}.Debug|Win32.ActiveCfg = Debug|Win32
		{96349231-DE71-400A-B121-53A156B6248C}.Debug|Win32.Build.0 = Debug|Win32
		{96349231-DE71-400A-B121-53A156B6248C}.Release|Win32.ActiveCfg = Release|Win32
		{96349231-DE71-400A-B121-53A156B6248C}.Release|Win32.Build.0 = Release|Win32
		{68D0AA8D-353C-4093-95C6-602594D868DF}.Debug|Win32.ActiveCfg = Debug|Win32
		{68D0AA8D-353C-4093-95C6-602594D868DF}.Debug|Win32.Build.0 = Debug|Win32
		{68D0AA8D-353C-4093-95C6-602594D868DF}.Release|Win32.ActiveCfg = Release|Win32
		{68D0AA8D-353C-4093-95C6-602594D868DF}.Release|Win32.Build.0 = Release|Win32
		{D4AD5999-75B2-4D3A-AD11-33F3EAFED8BA}.Debug|Win32.ActiveCfg = Debug|Win32
		{D4AD5999-75B2-4D3A-AD11-33F3EAFED8BA}.Debug|Win32.Build.0 = Debug|Win32
		{D4AD5999-75B2-4D3A-AD11-33F3EAFED8BA}.Release|Win32.ActiveCfg = Release|Win32
		{D4AD5999-75B2-4D3A-AD11-33F3EAFED8BA}.Release|Win32.Build.0 = Release|Win32
		{43C7608C-8AE9-47C1-B9AF-EC9343013F60}.Debug|Win32.ActiveCfg = Debug|Win32
		{43C7608C-8AE9-47C1-B9AF-EC9343013F60}.Debug|Win32.Build.0 = Debug|Win32
		{43C7608C-8AE9-47C1-B9AF-EC9343013F60}.Release|Win32.ActiveCfg = Release|Win32
		{43C7608C-8AE9-47C1-B9AF-EC9343013F60}.Release|Win32.Build.0 = Release|Win32
	EndGlobalSection
	GlobalSection(SolutionProperties) = preSolution
		HideSolutionNode = FALSE
	EndGlobalSection
EndGlobal
